
Microsoft Visual Studio Solution File, Format Version 12.00
# Visual Studio Version 16
VisualStudioVersion = 16.0.31911.196
MinimumVisualStudioVersion = 10.0.40219.1
Project("{FAE04EC0-301F-11D3-BF4B-00C04F79EFBC}") = "UserStoryManager", "UserStoryManager.csproj", "{840AC0C4-FE2F-4D3D-A7EA-2FF51E4EBB2A}"
EndProject
Global
	GlobalSection(SolutionConfigurationPlatforms) = preSolution
		Debug|Any CPU = Debug|Any CPU
		Release|Any CPU = Release|Any CPU
	EndGlobalSection
	GlobalSection(ProjectConfigurationPlatforms) = postSolution
		{840AC0C4-FE2F-4D3D-A7EA-2FF51E4EBB2A}.Debug|Any CPU.ActiveCfg = Debug|Any CPU
		{840AC0C4-FE2F-4D3D-A7EA-2FF51E4EBB2A}.Debug|Any CPU.Build.0 = Debug|Any CPU
		{840AC0C4-FE2F-4D3D-A7EA-2FF51E4EBB2A}.Release|Any CPU.ActiveCfg = Release|Any CPU
		{840AC0C4-FE2F-4D3D-A7EA-2FF51E4EBB2A}.Release|Any CPU.Build.0 = Release|Any CPU
	EndGlobalSection
	GlobalSection(SolutionProperties) = preSolution
		HideSolutionNode = FALSE
	EndGlobalSection
	GlobalSection(ExtensibilityGlobals) = postSolution
		SolutionGuid = {875E6164-D0C0-46E7-9F48-F4CE11258D7A}
	EndGlobalSection
EndGlobal
